
Microsoft Visual Studio Solution File, Format Version 12.00
# Visual Studio Version 16
VisualStudioVersion = 16.0.33214.272
MinimumVisualStudioVersion = 10.0.40219.1
Project("{FAE04EC0-301F-11D3-BF4B-00C04F79EFBC}") = "pr16_4", "pr16_4.csproj", "{2D1082B9-B456-4BC1-A40D-1C060B0FE148}"
EndProject
Global
	GlobalSection(SolutionConfigurationPlatforms) = preSolution
		Debug|Any CPU = Debug|Any CPU
		Release|Any CPU = Release|Any CPU
	EndGlobalSection
	GlobalSection(ProjectConfigurationPlatforms) = postSolution
		{2D1082B9-B456-4BC1-A40D-1C060B0FE148}.Debug|Any CPU.ActiveCfg = Debug|Any CPU
		{2D1082B9-B456-4BC1-A40D-1C060B0FE148}.Debug|Any CPU.Build.0 = Debug|Any CPU
		{2D1082B9-B456-4BC1-A40D-1C060B0FE148}.Release|Any CPU.ActiveCfg = Release|Any CPU
		{2D1082B9-B456-4BC1-A40D-1C060B0FE148}.Release|Any CPU.Build.0 = Release|Any CPU
	EndGlobalSection
	GlobalSection(SolutionProperties) = preSolution
		HideSolutionNode = FALSE
	EndGlobalSection
	GlobalSection(ExtensibilityGlobals) = postSolution
		SolutionGuid = {36387BB9-33DE-421D-A564-2DA858C4E7E5}
	EndGlobalSection
EndGlobal
